
Microsoft Visual Studio Solution File, Format Version 12.00
# Visual Studio Version 16
VisualStudioVersion = 16.0.31129.286
MinimumVisualStudioVersion = 10.0.40219.1
Project("{FAE04EC0-301F-11D3-BF4B-00C04F79EFBC}") = "BlackMonday", "BlackMonday\BlackMonday.csproj", "{41460FDE-3D6B-40ED-A60B-CFD8EE09E6E7}"
EndProject
Global
	GlobalSection(SolutionConfigurationPlatforms) = preSolution
		Debug|Any CPU = Debug|Any CPU
		Release|Any CPU = Release|Any CPU
	EndGlobalSection
	GlobalSection(ProjectConfigurationPlatforms) = postSolution
		{41460FDE-3D6B-40ED-A60B-CFD8EE09E6E7}.Debug|Any CPU.ActiveCfg = Debug|Any CPU
		{41460FDE-3D6B-40ED-A60B-CFD8EE09E6E7}.Debug|Any CPU.Build.0 = Debug|Any CPU
		{41460FDE-3D6B-40ED-A60B-CFD8EE09E6E7}.Release|Any CPU.ActiveCfg = Release|Any CPU
		{41460FDE-3D6B-40ED-A60B-CFD8EE09E6E7}.Release|Any CPU.Build.0 = Release|Any CPU
	EndGlobalSection
	GlobalSection(SolutionProperties) = preSolution
		HideSolutionNode = FALSE
	EndGlobalSection
	GlobalSection(ExtensibilityGlobals) = postSolution
		SolutionGuid = {A138402B-F0AA-4A24-8294-4D46613E8829}
	EndGlobalSection
EndGlobal
